
Microsoft Visual Studio Solution File, Format Version 12.00
# Visual Studio Version 16
VisualStudioVersion = 16.0.34729.46
MinimumVisualStudioVersion = 10.0.40219.1
Project("{FAE04EC0-301F-11D3-BF4B-00C04F79EFBC}") = "tree", "tree\tree.csproj", "{9FA6DEA0-A21B-4B8A-941B-72A60471E8CA}"
EndProject
Global
	GlobalSection(SolutionConfigurationPlatforms) = preSolution
		Debug|Any CPU = Debug|Any CPU
		Release|Any CPU = Release|Any CPU
	EndGlobalSection
	GlobalSection(ProjectConfigurationPlatforms) = postSolution
		{9FA6DEA0-A21B-4B8A-941B-72A60471E8CA}.Debug|Any CPU.ActiveCfg = Debug|Any CPU
		{9FA6DEA0-A21B-4B8A-941B-72A60471E8CA}.Debug|Any CPU.Build.0 = Debug|Any CPU
		{9FA6DEA0-A21B-4B8A-941B-72A60471E8CA}.Release|Any CPU.ActiveCfg = Release|Any CPU
		{9FA6DEA0-A21B-4B8A-941B-72A60471E8CA}.Release|Any CPU.Build.0 = Release|Any CPU
	EndGlobalSection
	GlobalSection(SolutionProperties) = preSolution
		HideSolutionNode = FALSE
	EndGlobalSection
	GlobalSection(ExtensibilityGlobals) = postSolution
		SolutionGuid = {AB71F2C9-7623-4A5E-B8F6-48495D755BCD}
	EndGlobalSection
EndGlobal
